// !$*UTF8*$!
{
	archiveVersion = 1;
	classes = {
	};
	objectVersion = 56;
	objects = {

/* Begin PBXBuildFile section */
		A100000001000001 /* ScoreCardApp.swift in Sources */ = {isa = PBXBuildFile; fileRef = A200000001000001; };
		A100000002000001 /* AppState.swift in Sources */ = {isa = PBXBuildFile; fileRef = A200000002000001; };
		A100000003000001 /* RoundListView.swift in Sources */ = {isa = PBXBuildFile; fileRef = A200000003000001; };
		A100000004000001 /* CourseSetupView.swift in Sources */ = {isa = PBXBuildFile; fileRef = A200000004000001; };
		A100000005000001 /* ScorecardView.swift in Sources */ = {isa = PBXBuildFile; fileRef = A200000005000001; };
		A100000006000001 /* PeerStatusView.swift in Sources */ = {isa = PBXBuildFile; fileRef = A200000006000001; };
		A100000007000001 /* ConflictView.swift in Sources */ = {isa = PBXBuildFile; fileRef = A200000007000001; };
		A100000008000001 /* RoundHistoryView.swift in Sources */ = {isa = PBXBuildFile; fileRef = A200000008000001; };
		A100000009000001 /* CRDTKit in Frameworks */ = {isa = PBXBuildFile; productRef = A600000001000001; };
		A10000000A000001 /* CRDTTransport in Frameworks */ = {isa = PBXBuildFile; productRef = A600000002000001; };
		A10000000B000001 /* Assets.xcassets in Resources */ = {isa = PBXBuildFile; fileRef = A20000000B000001; };
/* End PBXBuildFile section */

/* Begin PBXFileReference section */
		A200000001000001 /* ScoreCardApp.swift */ = {isa = PBXFileReference; lastKnownFileType = sourcecode.swift; path = ScoreCardApp.swift; sourceTree = "<group>"; };
		A200000002000001 /* AppState.swift */ = {isa = PBXFileReference; lastKnownFileType = sourcecode.swift; path = AppState.swift; sourceTree = "<group>"; };
		A200000003000001 /* RoundListView.swift */ = {isa = PBXFileReference; lastKnownFileType = sourcecode.swift; path = RoundListView.swift; sourceTree = "<group>"; };
		A200000004000001 /* CourseSetupView.swift */ = {isa = PBXFileReference; lastKnownFileType = sourcecode.swift; path = CourseSetupView.swift; sourceTree = "<group>"; };
		A200000005000001 /* ScorecardView.swift */ = {isa = PBXFileReference; lastKnownFileType = sourcecode.swift; path = ScorecardView.swift; sourceTree = "<group>"; };
		A200000006000001 /* PeerStatusView.swift */ = {isa = PBXFileReference; lastKnownFileType = sourcecode.swift; path = PeerStatusView.swift; sourceTree = "<group>"; };
		A200000007000001 /* ConflictView.swift */ = {isa = PBXFileReference; lastKnownFileType = sourcecode.swift; path = ConflictView.swift; sourceTree = "<group>"; };
		A200000008000001 /* RoundHistoryView.swift */ = {isa = PBXFileReference; lastKnownFileType = sourcecode.swift; path = RoundHistoryView.swift; sourceTree = "<group>"; };
		A200000009000001 /* Info.plist */ = {isa = PBXFileReference; lastKnownFileType = text.plist.xml; path = Info.plist; sourceTree = "<group>"; };
		A20000000A000001 /* ScoreCard.app */ = {isa = PBXFileReference; explicitFileType = wrapper.application; includeInIndex = 0; path = ScoreCard.app; sourceTree = BUILT_PRODUCTS_DIR; };
		A20000000B000001 /* Assets.xcassets */ = {isa = PBXFileReference; lastKnownFileType = folder.assetcatalog; path = Assets.xcassets; sourceTree = "<group>"; };
/* End PBXFileReference section */

/* Begin PBXFrameworksBuildPhase section */
		A300000001000001 /* Frameworks */ = {
			isa = PBXFrameworksBuildPhase;
			buildActionMask = 2147483647;
			files = (
				A100000009000001 /* CRDTKit in Frameworks */,
				A10000000A000001 /* CRDTTransport in Frameworks */,
			);
			runOnlyForDeploymentPostprocessing = 0;
		};
/* End PBXFrameworksBuildPhase section */

/* Begin PBXGroup section */
		A400000001000001 = {
			isa = PBXGroup;
			children = (
				A400000002000001 /* ScoreCard */,
				A400000004000001 /* Products */,
			);
			sourceTree = "<group>";
		};
		A400000002000001 /* ScoreCard */ = {
			isa = PBXGroup;
			children = (
				A200000001000001 /* ScoreCardApp.swift */,
				A200000002000001 /* AppState.swift */,
				A400000003000001 /* Views */,
				A20000000B000001 /* Assets.xcassets */,
				A200000009000001 /* Info.plist */,
			);
			path = ScoreCard;
			sourceTree = "<group>";
		};
		A400000003000001 /* Views */ = {
			isa = PBXGroup;
			children = (
				A200000003000001 /* RoundListView.swift */,
				A200000004000001 /* CourseSetupView.swift */,
				A200000005000001 /* ScorecardView.swift */,
				A200000006000001 /* PeerStatusView.swift */,
				A200000007000001 /* ConflictView.swift */,
				A200000008000001 /* RoundHistoryView.swift */,
			);
			path = Views;
			sourceTree = "<group>";
		};
		A400000004000001 /* Products */ = {
			isa = PBXGroup;
			children = (
				A20000000A000001 /* ScoreCard.app */,
			);
			name = Products;
			sourceTree = "<group>";
		};
/* End PBXGroup section */

/* Begin PBXNativeTarget section */
		A500000001000001 /* ScoreCard */ = {
			isa = PBXNativeTarget;
			buildConfigurationList = B300000001000001 /* Build configuration list for PBXNativeTarget "ScoreCard" */;
			buildPhases = (
				A500000002000001 /* Sources */,
				A300000001000001 /* Frameworks */,
				A500000003000001 /* Resources */,
			);
			buildRules = (
			);
			dependencies = (
			);
			name = ScoreCard;
			packageProductDependencies = (
				A600000001000001 /* CRDTKit */,
				A600000002000001 /* CRDTTransport */,
			);
			productName = ScoreCard;
			productReference = A20000000A000001 /* ScoreCard.app */;
			productType = "com.apple.product-type.application";
		};
/* End PBXNativeTarget section */

/* Begin PBXProject section */
		A700000001000001 /* Project object */ = {
			isa = PBXProject;
			attributes = {
				BuildIndependentTargetsInParallel = 1;
				LastSwiftUpdateCheck = 1500;
				LastUpgradeCheck = 1500;
			};
			buildConfigurationList = B300000002000001 /* Build configuration list for PBXProject "ScoreCard" */;
			compatibilityVersion = "Xcode 14.0";
			developmentRegion = en;
			hasScannedForEncodings = 0;
			knownRegions = (
				en,
				Base,
			);
			mainGroup = A400000001000001;
			packageReferences = (
				A800000001000001 /* XCLocalSwiftPackageReference "../CRDTKit" */,
			);
			productRefGroup = A400000004000001 /* Products */;
			projectDirPath = "";
			projectRoot = "";
			targets = (
				A500000001000001 /* ScoreCard */,
			);
		};
/* End PBXProject section */

/* Begin PBXResourcesBuildPhase section */
		A500000003000001 /* Resources */ = {
			isa = PBXResourcesBuildPhase;
			buildActionMask = 2147483647;
			files = (
				A10000000B000001 /* Assets.xcassets in Resources */,
			);
			runOnlyForDeploymentPostprocessing = 0;
		};
/* End PBXResourcesBuildPhase section */

/* Begin PBXSourcesBuildPhase section */
		A500000002000001 /* Sources */ = {
			isa = PBXSourcesBuildPhase;
			buildActionMask = 2147483647;
			files = (
				A100000001000001 /* ScoreCardApp.swift in Sources */,
				A100000002000001 /* AppState.swift in Sources */,
				A100000003000001 /* RoundListView.swift in Sources */,
				A100000004000001 /* CourseSetupView.swift in Sources */,
				A100000005000001 /* ScorecardView.swift in Sources */,
				A100000006000001 /* PeerStatusView.swift in Sources */,
				A100000007000001 /* ConflictView.swift in Sources */,
				A100000008000001 /* RoundHistoryView.swift in Sources */,
			);
			runOnlyForDeploymentPostprocessing = 0;
		};
/* End PBXSourcesBuildPhase section */

/* Begin XCBuildConfiguration section */
		B100000001000001 /* Debug */ = {
			isa = XCBuildConfiguration;
			buildSettings = {
				ASSETCATALOG_COMPILER_APPICON_NAME = AppIcon;
				CODE_SIGN_STYLE = Automatic;
				CURRENT_PROJECT_VERSION = 1;
				INFOPLIST_FILE = ScoreCard/Info.plist;
				IPHONEOS_DEPLOYMENT_TARGET = 16.0;
				LD_RUNPATH_SEARCH_PATHS = (
					"$(inherited)",
					"@executable_path/Frameworks",
				);
				MARKETING_VERSION = 1.0;
				PRODUCT_BUNDLE_IDENTIFIER = com.scorecard.app;
				PRODUCT_NAME = "$(TARGET_NAME)";
				SWIFT_VERSION = 5.0;
				TARGETED_DEVICE_FAMILY = "1,2";
			};
			name = Debug;
		};
		B100000002000001 /* Release */ = {
			isa = XCBuildConfiguration;
			buildSettings = {
				ASSETCATALOG_COMPILER_APPICON_NAME = AppIcon;
				CODE_SIGN_STYLE = Automatic;
				CURRENT_PROJECT_VERSION = 1;
				INFOPLIST_FILE = ScoreCard/Info.plist;
				IPHONEOS_DEPLOYMENT_TARGET = 16.0;
				LD_RUNPATH_SEARCH_PATHS = (
					"$(inherited)",
					"@executable_path/Frameworks",
				);
				MARKETING_VERSION = 1.0;
				PRODUCT_BUNDLE_IDENTIFIER = com.scorecard.app;
				PRODUCT_NAME = "$(TARGET_NAME)";
				SWIFT_VERSION = 5.0;
				TARGETED_DEVICE_FAMILY = "1,2";
			};
			name = Release;
		};
		B200000001000001 /* Debug */ = {
			isa = XCBuildConfiguration;
			buildSettings = {
				ALWAYS_SEARCH_USER_PATHS = NO;
				CLANG_ANALYZER_NONNULL = YES;
				CLANG_CXX_LANGUAGE_STANDARD = "gnu++20";
				CLANG_ENABLE_MODULES = YES;
				CLANG_ENABLE_OBJC_ARC = YES;
				COPY_PHASE_STRIP = NO;
				DEBUG_INFORMATION_FORMAT = dwarf;
				ENABLE_STRICT_OBJC_MSGSEND = YES;
				ENABLE_TESTABILITY = YES;
				GCC_DYNAMIC_NO_PIC = NO;
				GCC_OPTIMIZATION_LEVEL = 0;
				GCC_PREPROCESSOR_DEFINITIONS = (
					"DEBUG=1",
					"$(inherited)",
				);
				IPHONEOS_DEPLOYMENT_TARGET = 16.0;
				MTL_ENABLE_DEBUG_INFO = INCLUDE_SOURCE;
				ONLY_ACTIVE_ARCH = YES;
				SDKROOT = iphoneos;
				SWIFT_ACTIVE_COMPILATION_CONDITIONS = DEBUG;
				SWIFT_OPTIMIZATION_LEVEL = "-Onone";
				SWIFT_VERSION = 5.0;
			};
			name = Debug;
		};
		B200000002000001 /* Release */ = {
			isa = XCBuildConfiguration;
			buildSettings = {
				ALWAYS_SEARCH_USER_PATHS = NO;
				CLANG_ANALYZER_NONNULL = YES;
				CLANG_CXX_LANGUAGE_STANDARD = "gnu++20";
				CLANG_ENABLE_MODULES = YES;
				CLANG_ENABLE_OBJC_ARC = YES;
				COPY_PHASE_STRIP = NO;
				DEBUG_INFORMATION_FORMAT = "dwarf-with-dsym";
				ENABLE_NS_ASSERTIONS = NO;
				ENABLE_STRICT_OBJC_MSGSEND = YES;
				GCC_OPTIMIZATION_LEVEL = s;
				IPHONEOS_DEPLOYMENT_TARGET = 16.0;
				SDKROOT = iphoneos;
				SWIFT_COMPILATION_MODE = wholemodule;
				SWIFT_OPTIMIZATION_LEVEL = "-O";
				SWIFT_VERSION = 5.0;
				VALIDATE_PRODUCT = YES;
			};
			name = Release;
		};
/* End XCBuildConfiguration section */

/* Begin XCConfigurationList section */
		B300000001000001 /* Build configuration list for PBXNativeTarget "ScoreCard" */ = {
			isa = XCConfigurationList;
			buildConfigurations = (
				B100000001000001 /* Debug */,
				B100000002000001 /* Release */,
			);
			defaultConfigurationIsVisible = 0;
			defaultConfigurationName = Release;
		};
		B300000002000001 /* Build configuration list for PBXProject "ScoreCard" */ = {
			isa = XCConfigurationList;
			buildConfigurations = (
				B200000001000001 /* Debug */,
				B200000002000001 /* Release */,
			);
			defaultConfigurationIsVisible = 0;
			defaultConfigurationName = Release;
		};
/* End XCConfigurationList section */

/* Begin XCLocalSwiftPackageReference section */
		A800000001000001 /* XCLocalSwiftPackageReference "../CRDTKit" */ = {
			isa = XCLocalSwiftPackageReference;
			relativePath = ../CRDTKit;
		};
/* End XCLocalSwiftPackageReference section */

/* Begin XCSwiftPackageProductDependency section */
		A600000001000001 /* CRDTKit */ = {
			isa = XCSwiftPackageProductDependency;
			package = A800000001000001 /* XCLocalSwiftPackageReference "../CRDTKit" */;
			productName = CRDTKit;
		};
		A600000002000001 /* CRDTTransport */ = {
			isa = XCSwiftPackageProductDependency;
			package = A800000001000001 /* XCLocalSwiftPackageReference "../CRDTKit" */;
			productName = CRDTTransport;
		};
/* End XCSwiftPackageProductDependency section */
	};
	rootObject = A700000001000001 /* Project object */;
}
